<?xml version="1.0" encoding="UTF-8"?>
<!DOCTYPE plist PUBLIC "-//Apple//DTD PLIST 1.0//EN" "http://www.apple.com/DTDs/PropertyList-1.0.dtd">
<plist version="1.0">
<dict>
	<key>archiveVersion</key>
	<string>1</string>
	<key>classes</key>
	<dict>
	</dict>
	<key>objectVersion</key>
	<string>46</string>
	<key>objects</key>
	<dict>
		<key>1DD70E295269867C00000000</key>
		<dict>
			<key>isa</key>
			<string>PBXFileReference</string>
			<key>name</key>
			<string>MyLib-Debug.xcconfig</string>
			<key>path</key>
			<string>buck-out/gen/MyLib-Debug.xcconfig</string>
			<key>sourceTree</key>
			<string>SOURCE_ROOT</string>
			<key>explicitFileType</key>
			<string>text.xcconfig</string>
		</dict>
		<key>1DD70E2943446EE600000000</key>
		<dict>
			<key>isa</key>
			<string>PBXFileReference</string>
			<key>name</key>
			<string>MyLib-Profile.xcconfig</string>
			<key>path</key>
			<string>buck-out/gen/MyLib-Profile.xcconfig</string>
			<key>sourceTree</key>
			<string>SOURCE_ROOT</string>
			<key>explicitFileType</key>
			<string>text.xcconfig</string>
		</dict>
		<key>1DD70E29B6DB1A4800000000</key>
		<dict>
			<key>isa</key>
			<string>PBXFileReference</string>
			<key>name</key>
			<string>MyLib-Release.xcconfig</string>
			<key>path</key>
			<string>buck-out/gen/MyLib-Release.xcconfig</string>
			<key>sourceTree</key>
			<string>SOURCE_ROOT</string>
			<key>explicitFileType</key>
			<string>text.xcconfig</string>
		</dict>
		<key>1DD70E29E0212F2D00000000</key>
		<dict>
			<key>isa</key>
			<string>PBXFileReference</string>
			<key>name</key>
			<string>MyLibTests-Debug.xcconfig</string>
			<key>path</key>
			<string>buck-out/gen/MyLibTests-Debug.xcconfig</string>
			<key>sourceTree</key>
			<string>SOURCE_ROOT</string>
			<key>explicitFileType</key>
			<string>text.xcconfig</string>
		</dict>
		<key>1DD70E2941B4AF5700000000</key>
		<dict>
			<key>isa</key>
			<string>PBXFileReference</string>
			<key>name</key>
			<string>MyLibTests-Profile.xcconfig</string>
			<key>path</key>
			<string>buck-out/gen/MyLibTests-Profile.xcconfig</string>
			<key>sourceTree</key>
			<string>SOURCE_ROOT</string>
			<key>explicitFileType</key>
			<string>text.xcconfig</string>
		</dict>
		<key>1DD70E29B54B5AB900000000</key>
		<dict>
			<key>isa</key>
			<string>PBXFileReference</string>
			<key>name</key>
			<string>MyLibTests-Release.xcconfig</string>
			<key>path</key>
			<string>buck-out/gen/MyLibTests-Release.xcconfig</string>
			<key>sourceTree</key>
			<string>SOURCE_ROOT</string>
			<key>explicitFileType</key>
			<string>text.xcconfig</string>
		</dict>
		<key>1DD70E29433A971E00000000</key>
		<dict>
			<key>isa</key>
			<string>PBXFileReference</string>
			<key>name</key>
			<string>OtherLib#iphonesimulator-x86_64,static-Debug.xcconfig</string>
			<key>path</key>
			<string>buck-out/gen/OtherLib#iphonesimulator-x86_64,static-Debug.xcconfig</string>
			<key>sourceTree</key>
			<string>SOURCE_ROOT</string>
			<key>explicitFileType</key>
			<string>text.xcconfig</string>
		</dict>
		<key>1DD70E294413DF0800000000</key>
		<dict>
			<key>isa</key>
			<string>PBXFileReference</string>
			<key>name</key>
			<string>OtherLib#iphonesimulator-x86_64,static-Profile.xcconfig</string>
			<key>path</key>
			<string>buck-out/gen/OtherLib#iphonesimulator-x86_64,static-Profile.xcconfig</string>
			<key>sourceTree</key>
			<string>SOURCE_ROOT</string>
			<key>explicitFileType</key>
			<string>text.xcconfig</string>
		</dict>
		<key>1DD70E29B7AA8A6A00000000</key>
		<dict>
			<key>isa</key>
			<string>PBXFileReference</string>
			<key>name</key>
			<string>OtherLib#iphonesimulator-x86_64,static-Release.xcconfig</string>
			<key>path</key>
			<string>buck-out/gen/OtherLib#iphonesimulator-x86_64,static-Release.xcconfig</string>
			<key>sourceTree</key>
			<string>SOURCE_ROOT</string>
			<key>explicitFileType</key>
			<string>text.xcconfig</string>
		</dict>
		<key>B401C9792F7F325000000000</key>
		<dict>
			<key>isa</key>
			<string>PBXGroup</string>
			<key>name</key>
			<string>Buck (Do Not Modify)</string>
			<key>sourceTree</key>
			<string><![CDATA[<group>]]></string>
			<key>children</key>
			<array>
				<string>1DD70E295269867C00000000</string>
				<string>1DD70E2943446EE600000000</string>
				<string>1DD70E29B6DB1A4800000000</string>
				<string>1DD70E29E0212F2D00000000</string>
				<string>1DD70E2941B4AF5700000000</string>
				<string>1DD70E29B54B5AB900000000</string>
				<string>1DD70E29433A971E00000000</string>
				<string>1DD70E294413DF0800000000</string>
				<string>1DD70E29B7AA8A6A00000000</string>
			</array>
		</dict>
		<key>B401C979B781F65D00000000</key>
		<dict>
			<key>isa</key>
			<string>PBXGroup</string>
			<key>name</key>
			<string>Configurations</string>
			<key>sourceTree</key>
			<string><![CDATA[<group>]]></string>
			<key>children</key>
			<array>
				<string>B401C9792F7F325000000000</string>
			</array>
		</dict>
		<key>1DD70E29AE317AA300000000</key>
		<dict>
			<key>isa</key>
			<string>PBXFileReference</string>
			<key>name</key>
			<string>Foundation.framework</string>
			<key>path</key>
			<string>System/Library/Frameworks/Foundation.framework</string>
			<key>sourceTree</key>
			<string>SDKROOT</string>
			<key>explicitFileType</key>
			<string>wrapper.framework</string>
		</dict>
		<key>1DD70E2937375B6D00000000</key>
		<dict>
			<key>isa</key>
			<string>PBXFileReference</string>
			<key>name</key>
			<string>XCTest.framework</string>
			<key>path</key>
			<string>Developer/Library/Frameworks/XCTest.framework</string>
			<key>sourceTree</key>
			<string>PLATFORM_DIR</string>
			<key>explicitFileType</key>
			<string>wrapper.framework</string>
		</dict>
		<key>1DD70E295F5ACEA700000000</key>
		<dict>
			<key>isa</key>
			<string>PBXFileReference</string>
			<key>name</key>
			<string>libMyLib.a</string>
			<key>path</key>
			<string>libMyLib.a</string>
			<key>sourceTree</key>
			<string>BUILT_PRODUCTS_DIR</string>
			<key>explicitFileType</key>
			<string>archive.ar</string>
		</dict>
		<key>B401C97968022A5500000000</key>
		<dict>
			<key>isa</key>
			<string>PBXGroup</string>
			<key>name</key>
			<string>Frameworks</string>
			<key>sourceTree</key>
			<string><![CDATA[<group>]]></string>
			<key>children</key>
			<array>
				<string>1DD70E29AE317AA300000000</string>
				<string>1DD70E2937375B6D00000000</string>
				<string>1DD70E295F5ACEA700000000</string>
			</array>
		</dict>
		<key>1DD70E29001F47FB00000000</key>
		<dict>
			<key>isa</key>
			<string>PBXFileReference</string>
			<key>name</key>
			<string>BUCK</string>
			<key>path</key>
			<string>BUCK</string>
			<key>sourceTree</key>
			<string>SOURCE_ROOT</string>
			<key>explicitFileType</key>
			<string>text.script.python</string>
		</dict>
		<key>1DD70E29882F852E00000000</key>
		<dict>
			<key>isa</key>
			<string>PBXFileReference</string>
			<key>name</key>
			<string>Bridging-Header.h</string>
			<key>path</key>
			<string>Sources/Bridging-Header.h</string>
			<key>sourceTree</key>
			<string>SOURCE_ROOT</string>
			<key>lastKnownFileType</key>
			<string>sourcecode.c.h</string>
		</dict>
		<key>1DD70E296E383CBD00000000</key>
		<dict>
			<key>isa</key>
			<string>PBXFileReference</string>
			<key>name</key>
			<string>Data+MyLib.swift</string>
			<key>path</key>
			<string>Sources/Data+MyLib.swift</string>
			<key>sourceTree</key>
			<string>SOURCE_ROOT</string>
		</dict>
		<key>1DD70E299420071D00000000</key>
		<dict>
			<key>isa</key>
			<string>PBXFileReference</string>
			<key>name</key>
			<string>MyLib-Public-Swift.h</string>
			<key>path</key>
			<string>Sources/MyLib-Public-Swift.h</string>
			<key>sourceTree</key>
			<string>SOURCE_ROOT</string>
			<key>lastKnownFileType</key>
			<string>sourcecode.c.h</string>
		</dict>
		<key>1DD70E29BC1A60D300000000</key>
		<dict>
			<key>isa</key>
			<string>PBXFileReference</string>
			<key>name</key>
			<string>MyLib.h</string>
			<key>path</key>
			<string>Sources/MyLib.h</string>
			<key>sourceTree</key>
			<string>SOURCE_ROOT</string>
			<key>lastKnownFileType</key>
			<string>sourcecode.c.h</string>
		</dict>
		<key>1DD70E29745A70FE00000000</key>
		<dict>
			<key>isa</key>
			<string>PBXFileReference</string>
			<key>name</key>
			<string>MyLib.swift</string>
			<key>path</key>
			<string>Sources/MyLib.swift</string>
			<key>sourceTree</key>
			<string>SOURCE_ROOT</string>
		</dict>
		<key>1DD70E2953BEADD400000000</key>
		<dict>
			<key>isa</key>
			<string>PBXFileReference</string>
			<key>name</key>
			<string>NSFileManager+MyLib.h</string>
			<key>path</key>
			<string>Sources/NSFileManager+MyLib.h</string>
			<key>sourceTree</key>
			<string>SOURCE_ROOT</string>
			<key>lastKnownFileType</key>
			<string>sourcecode.c.h</string>
		</dict>
		<key>1DD70E2953BEADD900000000</key>
		<dict>
			<key>isa</key>
			<string>PBXFileReference</string>
			<key>name</key>
			<string>NSFileManager+MyLib.m</string>
			<key>path</key>
			<string>Sources/NSFileManager+MyLib.m</string>
			<key>sourceTree</key>
			<string>SOURCE_ROOT</string>
			<key>lastKnownFileType</key>
			<string>sourcecode.c.objc</string>
		</dict>
		<key>1DD70E2977C9827E00000000</key>
		<dict>
			<key>isa</key>
			<string>PBXFileReference</string>
			<key>name</key>
			<string>NSString+MyLib.h</string>
			<key>path</key>
			<string>Sources/NSString+MyLib.h</string>
			<key>sourceTree</key>
			<string>SOURCE_ROOT</string>
			<key>lastKnownFileType</key>
			<string>sourcecode.c.h</string>
		</dict>
		<key>1DD70E2977C9828300000000</key>
		<dict>
			<key>isa</key>
			<string>PBXFileReference</string>
			<key>name</key>
			<string>NSString+MyLib.m</string>
			<key>path</key>
			<string>Sources/NSString+MyLib.m</string>
			<key>sourceTree</key>
			<string>SOURCE_ROOT</string>
			<key>lastKnownFileType</key>
			<string>sourcecode.c.objc</string>
		</dict>
		<key>B401C979EAB5339800000000</key>
		<dict>
			<key>isa</key>
			<string>PBXGroup</string>
			<key>name</key>
			<string>Sources</string>
			<key>sourceTree</key>
			<string><![CDATA[<group>]]></string>
			<key>children</key>
			<array>
				<string>1DD70E29882F852E00000000</string>
				<string>1DD70E296E383CBD00000000</string>
				<string>1DD70E299420071D00000000</string>
				<string>1DD70E29BC1A60D300000000</string>
				<string>1DD70E29745A70FE00000000</string>
				<string>1DD70E2953BEADD400000000</string>
				<string>1DD70E2953BEADD900000000</string>
				<string>1DD70E2977C9827E00000000</string>
				<string>1DD70E2977C9828300000000</string>
			</array>
		</dict>
		<key>B401C97904753D1900000000</key>
		<dict>
			<key>isa</key>
			<string>PBXGroup</string>
			<key>name</key>
			<string>MyLib</string>
			<key>sourceTree</key>
			<string><![CDATA[<group>]]></string>
			<key>children</key>
			<array>
				<string>1DD70E29001F47FB00000000</string>
				<string>B401C979EAB5339800000000</string>
			</array>
		</dict>
		<key>1DD70E29001F47FB00000001</key>
		<dict>
			<key>isa</key>
			<string>PBXFileReference</string>
			<key>name</key>
			<string>BUCK</string>
			<key>path</key>
			<string>BUCK</string>
			<key>sourceTree</key>
			<string>SOURCE_ROOT</string>
			<key>explicitFileType</key>
			<string>text.script.python</string>
		</dict>
		<key>1DD70E295DAB169000000000</key>
		<dict>
			<key>isa</key>
			<string>PBXFileReference</string>
			<key>name</key>
			<string>TestObjCFromSwift.swift</string>
			<key>path</key>
			<string>Tests/TestObjCFromSwift.swift</string>
			<key>sourceTree</key>
			<string>SOURCE_ROOT</string>
		</dict>
		<key>1DD70E29E7DD5CD600000000</key>
		<dict>
			<key>isa</key>
			<string>PBXFileReference</string>
			<key>name</key>
			<string>TestSwiftFromObjC.m</string>
			<key>path</key>
			<string>Tests/TestSwiftFromObjC.m</string>
			<key>sourceTree</key>
			<string>SOURCE_ROOT</string>
			<key>lastKnownFileType</key>
			<string>sourcecode.c.objc</string>
		</dict>
		<key>1DD70E29F46621AD00000000</key>
		<dict>
			<key>isa</key>
			<string>PBXFileReference</string>
			<key>name</key>
			<string>TestSwiftFromSwift.swift</string>
			<key>path</key>
			<string>Tests/TestSwiftFromSwift.swift</string>
			<key>sourceTree</key>
			<string>SOURCE_ROOT</string>
		</dict>
		<key>1DD70E2906C06BEE00000000</key>
		<dict>
			<key>isa</key>
			<string>PBXFileReference</string>
			<key>name</key>
			<string>Info.plist</string>
			<key>path</key>
			<string>Tests/Info.plist</string>
			<key>sourceTree</key>
			<string><![CDATA[<group>]]></string>
			<key>explicitFileType</key>
			<string>text.plist</string>
		</dict>
		<key>B401C979EAB5339800000001</key>
		<dict>
			<key>isa</key>
			<string>PBXGroup</string>
			<key>name</key>
			<string>Sources</string>
			<key>sourceTree</key>
			<string><![CDATA[<group>]]></string>
			<key>children</key>
			<array>
				<string>1DD70E295DAB169000000000</string>
				<string>1DD70E29E7DD5CD600000000</string>
				<string>1DD70E29F46621AD00000000</string>
				<string>1DD70E2906C06BEE00000000</string>
			</array>
		</dict>
		<key>B401C979C3C1688800000000</key>
		<dict>
			<key>isa</key>
			<string>PBXGroup</string>
			<key>name</key>
			<string>MyLibTests</string>
			<key>sourceTree</key>
			<string><![CDATA[<group>]]></string>
			<key>children</key>
			<array>
				<string>1DD70E29001F47FB00000001</string>
				<string>B401C979EAB5339800000001</string>
			</array>
		</dict>
		<key>1DD70E29001F47FB00000002</key>
		<dict>
			<key>isa</key>
			<string>PBXFileReference</string>
			<key>name</key>
			<string>BUCK</string>
			<key>path</key>
			<string>BUCK</string>
			<key>sourceTree</key>
			<string>SOURCE_ROOT</string>
			<key>explicitFileType</key>
			<string>text.script.python</string>
		</dict>
		<key>1DD70E2988ED6D9800000000</key>
		<dict>
			<key>isa</key>
			<string>PBXFileReference</string>
			<key>name</key>
			<string>Main.m</string>
			<key>path</key>
			<string>OtherLib/Main.m</string>
			<key>sourceTree</key>
			<string>SOURCE_ROOT</string>
			<key>lastKnownFileType</key>
			<string>sourcecode.c.objc</string>
		</dict>
		<key>1DD70E2953591DBE00000000</key>
		<dict>
			<key>isa</key>
			<string>PBXFileReference</string>
			<key>name</key>
			<string>Main.swift</string>
			<key>path</key>
			<string>OtherLib/Main.swift</string>
			<key>sourceTree</key>
			<string>SOURCE_ROOT</string>
		</dict>
		<key>1DD70E296AE4722F00000000</key>
		<dict>
			<key>isa</key>
			<string>PBXFileReference</string>
			<key>name</key>
			<string>OtherLib.h</string>
			<key>path</key>
			<string>OtherLib/OtherLib.h</string>
			<key>sourceTree</key>
			<string>SOURCE_ROOT</string>
			<key>lastKnownFileType</key>
			<string>sourcecode.c.h</string>
		</dict>
		<key>B401C979EAB5339800000002</key>
		<dict>
			<key>isa</key>
			<string>PBXGroup</string>
			<key>name</key>
			<string>Sources</string>
			<key>sourceTree</key>
			<string><![CDATA[<group>]]></string>
			<key>children</key>
			<array>
				<string>1DD70E2988ED6D9800000000</string>
				<string>1DD70E2953591DBE00000000</string>
				<string>1DD70E296AE4722F00000000</string>
			</array>
		</dict>
		<key>B401C979BE0BF57500000000</key>
		<dict>
			<key>isa</key>
			<string>PBXGroup</string>
			<key>name</key>
			<string>OtherLib</string>
			<key>sourceTree</key>
			<string><![CDATA[<group>]]></string>
			<key>children</key>
			<array>
				<string>1DD70E29001F47FB00000002</string>
				<string>B401C979EAB5339800000002</string>
			</array>
		</dict>
		<key>1DD70E29AEC6FA2300000000</key>
		<dict>
			<key>isa</key>
			<string>PBXFileReference</string>
			<key>name</key>
			<string>MyLibTests.xctest</string>
			<key>path</key>
			<string>MyLibTests.xctest</string>
			<key>sourceTree</key>
			<string>BUILT_PRODUCTS_DIR</string>
			<key>explicitFileType</key>
			<string>wrapper.cfbundle</string>
		</dict>
		<key>1DD70E295F5ACEA700000001</key>
		<dict>
			<key>isa</key>
			<string>PBXFileReference</string>
			<key>name</key>
			<string>libMyLib.a</string>
			<key>path</key>
			<string>libMyLib.a</string>
			<key>sourceTree</key>
			<string>BUILT_PRODUCTS_DIR</string>
			<key>explicitFileType</key>
			<string>archive.ar</string>
		</dict>
		<key>1DD70E293194726D00000000</key>
		<dict>
			<key>isa</key>
			<string>PBXFileReference</string>
			<key>name</key>
			<string>libOtherLib.a</string>
			<key>path</key>
			<string>libOtherLib.a</string>
			<key>sourceTree</key>
			<string>BUILT_PRODUCTS_DIR</string>
			<key>explicitFileType</key>
			<string>archive.ar</string>
		</dict>
		<key>B401C979C806358400000000</key>
		<dict>
			<key>isa</key>
			<string>PBXGroup</string>
			<key>name</key>
			<string>Products</string>
			<key>sourceTree</key>
			<string><![CDATA[<group>]]></string>
			<key>children</key>
			<array>
				<string>1DD70E29AEC6FA2300000000</string>
				<string>1DD70E295F5ACEA700000001</string>
				<string>1DD70E293194726D00000000</string>
			</array>
		</dict>
		<key>B401C979EFB6AC4600000000</key>
		<dict>
			<key>isa</key>
			<string>PBXGroup</string>
			<key>name</key>
			<string>mainGroup</string>
			<key>sourceTree</key>
			<string><![CDATA[<group>]]></string>
			<key>children</key>
			<array>
				<string>B401C979B781F65D00000000</string>
				<string>B401C97968022A5500000000</string>
				<string>B401C97904753D1900000000</string>
				<string>B401C979C3C1688800000000</string>
				<string>B401C979BE0BF57500000000</string>
				<string>B401C979C806358400000000</string>
			</array>
		</dict>
		<key>E7A30F046E383CBD00000000</key>
		<dict>
			<key>isa</key>
			<string>PBXBuildFile</string>
			<key>fileRef</key>
			<string>1DD70E296E383CBD00000000</string>
		</dict>
		<key>E7A30F04745A70FE00000000</key>
		<dict>
			<key>isa</key>
			<string>PBXBuildFile</string>
			<key>fileRef</key>
			<string>1DD70E29745A70FE00000000</string>
		</dict>
		<key>E7A30F0453BEADD900000000</key>
		<dict>
			<key>isa</key>
			<string>PBXBuildFile</string>
			<key>fileRef</key>
			<string>1DD70E2953BEADD900000000</string>
		</dict>
		<key>E7A30F0477C9828300000000</key>
		<dict>
			<key>isa</key>
			<string>PBXBuildFile</string>
			<key>fileRef</key>
			<string>1DD70E2977C9828300000000</string>
		</dict>
		<key>1870857F0000000000000000</key>
		<dict>
			<key>isa</key>
			<string>PBXSourcesBuildPhase</string>
			<key>files</key>
			<array>
				<string>E7A30F046E383CBD00000000</string>
				<string>E7A30F04745A70FE00000000</string>
				<string>E7A30F0453BEADD900000000</string>
				<string>E7A30F0477C9828300000000</string>
			</array>
		</dict>
		<key>4952437303EDA63300000000</key>
		<dict>
			<key>isa</key>
			<string>XCBuildConfiguration</string>
			<key>name</key>
			<string>Debug</string>
			<key>buildSettings</key>
			<dict>
			</dict>
			<key>baseConfigurationReference</key>
			<string>1DD70E295269867C00000000</string>
		</dict>
		<key>4952437350C7218900000000</key>
		<dict>
			<key>isa</key>
			<string>XCBuildConfiguration</string>
			<key>name</key>
			<string>Profile</string>
			<key>buildSettings</key>
			<dict>
			</dict>
			<key>baseConfigurationReference</key>
			<string>1DD70E2943446EE600000000</string>
		</dict>
		<key>49524373A439BFE700000000</key>
		<dict>
			<key>isa</key>
			<string>XCBuildConfiguration</string>
			<key>name</key>
			<string>Release</string>
			<key>buildSettings</key>
			<dict>
			</dict>
			<key>baseConfigurationReference</key>
			<string>1DD70E29B6DB1A4800000000</string>
		</dict>
		<key>218C37090000000000000000</key>
		<dict>
			<key>isa</key>
			<string>XCConfigurationList</string>
			<key>buildConfigurations</key>
			<array>
				<string>4952437303EDA63300000000</string>
				<string>4952437350C7218900000000</string>
				<string>49524373A439BFE700000000</string>
			</array>
			<key>defaultConfigurationIsVisible</key>
			<false/>
		</dict>
		<key>E66DC04E04753D1900000000</key>
		<dict>
			<key>isa</key>
			<string>PBXNativeTarget</string>
			<key>name</key>
			<string>MyLib</string>
			<key>productName</key>
			<string>MyLib</string>
			<key>productReference</key>
			<string>1DD70E295F5ACEA700000001</string>
			<key>productType</key>
			<string>com.apple.product-type.library.static</string>
			<key>dependencies</key>
			<array>
			</array>
			<key>buildPhases</key>
			<array>
				<string>1870857F0000000000000000</string>
			</array>
			<key>buildConfigurationList</key>
			<string>218C37090000000000000000</string>
		</dict>
		<key>E7A30F045DAB169000000000</key>
		<dict>
			<key>isa</key>
			<string>PBXBuildFile</string>
			<key>fileRef</key>
			<string>1DD70E295DAB169000000000</string>
		</dict>
		<key>E7A30F04E7DD5CD600000000</key>
		<dict>
			<key>isa</key>
			<string>PBXBuildFile</string>
			<key>fileRef</key>
			<string>1DD70E29E7DD5CD600000000</string>
		</dict>
		<key>E7A30F04F46621AD00000000</key>
		<dict>
			<key>isa</key>
			<string>PBXBuildFile</string>
			<key>fileRef</key>
			<string>1DD70E29F46621AD00000000</string>
		</dict>
		<key>1870857F0000000000000001</key>
		<dict>
			<key>isa</key>
			<string>PBXSourcesBuildPhase</string>
			<key>files</key>
			<array>
				<string>E7A30F045DAB169000000000</string>
				<string>E7A30F04E7DD5CD600000000</string>
				<string>E7A30F04F46621AD00000000</string>
			</array>
		</dict>
		<key>E7A30F0437375B6D00000000</key>
		<dict>
			<key>isa</key>
			<string>PBXBuildFile</string>
			<key>fileRef</key>
			<string>1DD70E2937375B6D00000000</string>
		</dict>
		<key>E7A30F04AE317AA300000000</key>
		<dict>
			<key>isa</key>
			<string>PBXBuildFile</string>
			<key>fileRef</key>
			<string>1DD70E29AE317AA300000000</string>
		</dict>
		<key>E7A30F045F5ACEA700000000</key>
		<dict>
			<key>isa</key>
			<string>PBXBuildFile</string>
			<key>fileRef</key>
			<string>1DD70E295F5ACEA700000000</string>
		</dict>
		<key>4F426D880000000000000000</key>
		<dict>
			<key>isa</key>
			<string>PBXFrameworksBuildPhase</string>
			<key>files</key>
			<array>
				<string>E7A30F0437375B6D00000000</string>
				<string>E7A30F04AE317AA300000000</string>
				<string>E7A30F045F5ACEA700000000</string>
			</array>
		</dict>
		<key>4952437303EDA63300000001</key>
		<dict>
			<key>isa</key>
			<string>XCBuildConfiguration</string>
			<key>name</key>
			<string>Debug</string>
			<key>buildSettings</key>
			<dict>
			</dict>
			<key>baseConfigurationReference</key>
			<string>1DD70E29E0212F2D00000000</string>
		</dict>
		<key>4952437350C7218900000001</key>
		<dict>
			<key>isa</key>
			<string>XCBuildConfiguration</string>
			<key>name</key>
			<string>Profile</string>
			<key>buildSettings</key>
			<dict>
			</dict>
			<key>baseConfigurationReference</key>
			<string>1DD70E2941B4AF5700000000</string>
		</dict>
		<key>49524373A439BFE700000001</key>
		<dict>
			<key>isa</key>
			<string>XCBuildConfiguration</string>
			<key>name</key>
			<string>Release</string>
			<key>buildSettings</key>
			<dict>
			</dict>
			<key>baseConfigurationReference</key>
			<string>1DD70E29B54B5AB900000000</string>
		</dict>
		<key>218C37090000000000000001</key>
		<dict>
			<key>isa</key>
			<string>XCConfigurationList</string>
			<key>buildConfigurations</key>
			<array>
				<string>4952437303EDA63300000001</string>
				<string>4952437350C7218900000001</string>
				<string>49524373A439BFE700000001</string>
			</array>
			<key>defaultConfigurationIsVisible</key>
			<false/>
		</dict>
		<key>E66DC04EC3C1688800000000</key>
		<dict>
			<key>isa</key>
			<string>PBXNativeTarget</string>
			<key>name</key>
			<string>MyLibTests</string>
			<key>productName</key>
			<string>MyLibTests</string>
			<key>productReference</key>
			<string>1DD70E29AEC6FA2300000000</string>
			<key>productType</key>
			<string>com.apple.product-type.bundle.unit-test</string>
			<key>dependencies</key>
			<array>
			</array>
			<key>buildPhases</key>
			<array>
				<string>1870857F0000000000000001</string>
				<string>4F426D880000000000000000</string>
			</array>
			<key>buildConfigurationList</key>
			<string>218C37090000000000000001</string>
		</dict>
		<key>E7A30F0488ED6D9800000000</key>
		<dict>
			<key>isa</key>
			<string>PBXBuildFile</string>
			<key>fileRef</key>
			<string>1DD70E2988ED6D9800000000</string>
		</dict>
		<key>E7A30F0453591DBE00000000</key>
		<dict>
			<key>isa</key>
			<string>PBXBuildFile</string>
			<key>fileRef</key>
			<string>1DD70E2953591DBE00000000</string>
		</dict>
		<key>1870857F0000000000000002</key>
		<dict>
			<key>isa</key>
			<string>PBXSourcesBuildPhase</string>
			<key>files</key>
			<array>
				<string>E7A30F0488ED6D9800000000</string>
				<string>E7A30F0453591DBE00000000</string>
			</array>
		</dict>
		<key>E7A30F045F5ACEA700000001</key>
		<dict>
			<key>isa</key>
			<string>PBXBuildFile</string>
			<key>fileRef</key>
			<string>1DD70E295F5ACEA700000000</string>
		</dict>
		<key>FAF5FAC90000000000000000</key>
		<dict>
			<key>isa</key>
			<string>PBXCopyFilesBuildPhase</string>
			<key>files</key>
			<array>
				<string>E7A30F045F5ACEA700000001</string>
			</array>
			<key>name</key>
			<string>Fake Swift Dependencies (Copy Files Phase)</string>
			<key>runOnlyForDeploymentPostprocessing</key>
			<integer>1</integer>
			<key>dstSubfolderSpec</key>
			<integer>16</integer>
			<key>dstPath</key>
			<string></string>
		</dict>
		<key>4952437303EDA63300000002</key>
		<dict>
			<key>isa</key>
			<string>XCBuildConfiguration</string>
			<key>name</key>
			<string>Debug</string>
			<key>buildSettings</key>
			<dict>
			</dict>
			<key>baseConfigurationReference</key>
			<string>1DD70E29433A971E00000000</string>
		</dict>
		<key>4952437350C7218900000002</key>
		<dict>
			<key>isa</key>
			<string>XCBuildConfiguration</string>
			<key>name</key>
			<string>Profile</string>
			<key>buildSettings</key>
			<dict>
			</dict>
			<key>baseConfigurationReference</key>
			<string>1DD70E294413DF0800000000</string>
		</dict>
		<key>49524373A439BFE700000002</key>
		<dict>
			<key>isa</key>
			<string>XCBuildConfiguration</string>
			<key>name</key>
			<string>Release</string>
			<key>buildSettings</key>
			<dict>
			</dict>
			<key>baseConfigurationReference</key>
			<string>1DD70E29B7AA8A6A00000000</string>
		</dict>
		<key>218C37090000000000000002</key>
		<dict>
			<key>isa</key>
			<string>XCConfigurationList</string>
			<key>buildConfigurations</key>
			<array>
				<string>4952437303EDA63300000002</string>
				<string>4952437350C7218900000002</string>
				<string>49524373A439BFE700000002</string>
			</array>
			<key>defaultConfigurationIsVisible</key>
			<false/>
		</dict>
		<key>E66DC04EBE0BF57500000000</key>
		<dict>
			<key>isa</key>
			<string>PBXNativeTarget</string>
			<key>name</key>
			<string>OtherLib</string>
			<key>productName</key>
			<string>OtherLib</string>
			<key>productReference</key>
			<string>1DD70E293194726D00000000</string>
			<key>productType</key>
			<string>com.apple.product-type.library.static</string>
			<key>dependencies</key>
			<array>
			</array>
			<key>buildPhases</key>
			<array>
				<string>1870857F0000000000000002</string>
				<string>FAF5FAC90000000000000000</string>
			</array>
			<key>buildConfigurationList</key>
			<string>218C37090000000000000002</string>
		</dict>
		<key>4952437303EDA63300000003</key>
		<dict>
			<key>isa</key>
			<string>XCBuildConfiguration</string>
			<key>name</key>
			<string>Debug</string>
			<key>buildSettings</key>
			<dict>
			</dict>
		</dict>
		<key>4952437350C7218900000003</key>
		<dict>
			<key>isa</key>
			<string>XCBuildConfiguration</string>
			<key>name</key>
			<string>Profile</string>
			<key>buildSettings</key>
			<dict>
			</dict>
		</dict>
		<key>49524373A439BFE700000003</key>
		<dict>
			<key>isa</key>
			<string>XCBuildConfiguration</string>
			<key>name</key>
			<string>Release</string>
			<key>buildSettings</key>
			<dict>
			</dict>
		</dict>
		<key>218C37090000000000000003</key>
		<dict>
			<key>isa</key>
			<string>XCConfigurationList</string>
			<key>buildConfigurations</key>
			<array>
				<string>4952437303EDA63300000003</string>
				<string>4952437350C7218900000003</string>
				<string>49524373A439BFE700000003</string>
			</array>
			<key>defaultConfigurationIsVisible</key>
			<false/>
		</dict>
		<key>96C8479350C8E2F900000000</key>
		<dict>
			<key>isa</key>
			<string>PBXProject</string>
			<key>mainGroup</key>
			<string>B401C979EFB6AC4600000000</string>
			<key>targets</key>
			<array>
				<string>E66DC04E04753D1900000000</string>
				<string>E66DC04EC3C1688800000000</string>
				<string>E66DC04EBE0BF57500000000</string>
			</array>
			<key>buildConfigurationList</key>
			<string>218C37090000000000000003</string>
			<key>compatibilityVersion</key>
			<string>Xcode 3.2</string>
			<key>attributes</key>
			<dict>
				<key>LastUpgradeCheck</key>
				<string>9999</string>
			</dict>
		</dict>
	</dict>
	<key>rootObject</key>
	<string>96C8479350C8E2F900000000</string>
</dict>
</plist>