<?xml version="1.0" encoding="UTF-8" standalone="no"?><Scheme LastUpgradeVersion="9999" version="1.7"><BuildAction buildImplicitDependencies="YES" parallelizeBuildables="YES"><BuildActionEntries><BuildActionEntry buildForAnalyzing="YES" buildForArchiving="YES" buildForProfiling="YES" buildForRunning="YES" buildForTesting="YES"><BuildableReference BlueprintIdentifier="E66DC04E04753D1900000001" BlueprintName="MyLib" BuildableIdentifier="primary" BuildableName="libMyLib.a" ReferencedContainer="container:Project.xcodeproj"/></BuildActionEntry><BuildActionEntry buildForAnalyzing="YES" buildForArchiving="NO" buildForProfiling="NO" buildForRunning="NO" buildForTesting="YES"><BuildableReference BlueprintIdentifier="E66DC04E04753D1900000000" BlueprintName="MyLib" BuildableIdentifier="primary" BuildableName="libMyLib.a" ReferencedContainer="container:Project.xcodeproj"/></BuildActionEntry><BuildActionEntry buildForAnalyzing="YES" buildForArchiving="NO" buildForProfiling="NO" buildForRunning="NO" buildForTesting="YES"><BuildableReference BlueprintIdentifier="E66DC04EC3C1688800000000" BlueprintName="MyLibTests" BuildableIdentifier="primary" BuildableName="MyLibTests.xctest" ReferencedContainer="container:Project.xcodeproj"/></BuildActionEntry></BuildActionEntries></BuildAction><TestAction buildConfiguration="Debug" shouldUseLaunchSchemeArgsEnv="YES"><Testables><TestableReference skipped="NO"><BuildableReference BlueprintIdentifier="E66DC04EC3C1688800000000" BlueprintName="MyLibTests" BuildableIdentifier="primary" BuildableName="MyLibTests.xctest" ReferencedContainer="container:Project.xcodeproj"/></TestableReference></Testables></TestAction><LaunchAction buildConfiguration="Debug" launchStyle="0"><BuildableProductRunnable><BuildableReference BlueprintIdentifier="E66DC04E04753D1900000001" BlueprintName="MyLib" BuildableIdentifier="primary" BuildableName="libMyLib.a" ReferencedContainer="container:Project.xcodeproj"/></BuildableProductRunnable></LaunchAction><ProfileAction buildConfiguration="Release" shouldUseLaunchSchemeArgsEnv="YES"><BuildableProductRunnable><BuildableReference BlueprintIdentifier="E66DC04E04753D1900000001" BlueprintName="MyLib" BuildableIdentifier="primary" BuildableName="libMyLib.a" ReferencedContainer="container:Project.xcodeproj"/></BuildableProductRunnable></ProfileAction><AnalyzeAction buildConfiguration="Debug"/><ArchiveAction buildConfiguration="Release" revealArchiveInOrganizer="YES"/></Scheme>